// !$*UTF8*$!
{
	archiveVersion = 1;
	classes = {
	};
	objectVersion = 56;
	objects = {

/* Begin PBXBuildFile section */
		D3047F382C05A4E50031E3BE /* PlaceHolderComponents.swift in Sources */ = {isa = PBXBuildFile; fileRef = D3047F372C05A4E50031E3BE /* PlaceHolderComponents.swift */; };
		D30710762C00B60700D24849 /* SwiftfulLoadingIndicators in Frameworks */ = {isa = PBXBuildFile; productRef = D30710752C00B60700D24849 /* SwiftfulLoadingIndicators */; };
		D307107A2C00BC4E00D24849 /* LoaderIndecatorComponets.swift in Sources */ = {isa = PBXBuildFile; fileRef = D30710792C00BC4E00D24849 /* LoaderIndecatorComponets.swift */; };
		D307107E2C00BE6B00D24849 /* HomeScreen.swift in Sources */ = {isa = PBXBuildFile; fileRef = D307107D2C00BE6B00D24849 /* HomeScreen.swift */; };
		D32297D62BFBE20200EE19E9 /* TextFieldComponets.swift in Sources */ = {isa = PBXBuildFile; fileRef = D32297D52BFBE20200EE19E9 /* TextFieldComponets.swift */; };
		D32297D92BFBE77500EE19E9 /* View.swift in Sources */ = {isa = PBXBuildFile; fileRef = D32297D82BFBE77500EE19E9 /* View.swift */; };
		D34F462A2C033CBB0053FC77 /* HomeNetworking.swift in Sources */ = {isa = PBXBuildFile; fileRef = D34F46292C033CBB0053FC77 /* HomeNetworking.swift */; };
		D34F462C2C033D930053FC77 /* HomeAPI.swift in Sources */ = {isa = PBXBuildFile; fileRef = D34F462B2C033D930053FC77 /* HomeAPI.swift */; };
		D34FAA522BFBB698008C5827 /* EgyEaglesTrackingApp.swift in Sources */ = {isa = PBXBuildFile; fileRef = D34FAA512BFBB698008C5827 /* EgyEaglesTrackingApp.swift */; };
		D34FAA542BFBB698008C5827 /* LoginContentView.swift in Sources */ = {isa = PBXBuildFile; fileRef = D34FAA532BFBB698008C5827 /* LoginContentView.swift */; };
		D34FAA562BFBB69A008C5827 /* Assets.xcassets in Resources */ = {isa = PBXBuildFile; fileRef = D34FAA552BFBB69A008C5827 /* Assets.xcassets */; };
		D34FAA592BFBB69A008C5827 /* Preview Assets.xcassets in Resources */ = {isa = PBXBuildFile; fileRef = D34FAA582BFBB69A008C5827 /* Preview Assets.xcassets */; };
		D36210EA2C08CA060076133B /* CompanyViewModel.swift in Sources */ = {isa = PBXBuildFile; fileRef = D36210E92C08CA060076133B /* CompanyViewModel.swift */; };
		D397E59D2C00F0D300511488 /* customAlert.swift in Sources */ = {isa = PBXBuildFile; fileRef = D397E59C2C00F0D300511488 /* customAlert.swift */; };
		D397E59F2C00FA9000511488 /* HomeViewModel.swift in Sources */ = {isa = PBXBuildFile; fileRef = D397E59E2C00FA9000511488 /* HomeViewModel.swift */; };
		D397E5A12C01066000511488 /* CarsModel.swift in Sources */ = {isa = PBXBuildFile; fileRef = D397E5A02C01066000511488 /* CarsModel.swift */; };
		D397E5A42C0106BC00511488 /* CarCell.swift in Sources */ = {isa = PBXBuildFile; fileRef = D397E5A32C0106BC00511488 /* CarCell.swift */; };
		D3B669492C0828A0001C7CFE /* CompanyScreen.swift in Sources */ = {isa = PBXBuildFile; fileRef = D3B669482C0828A0001C7CFE /* CompanyScreen.swift */; };
		D3B6694C2C082C33001C7CFE /* CompanyCell.swift in Sources */ = {isa = PBXBuildFile; fileRef = D3B6694B2C082C33001C7CFE /* CompanyCell.swift */; };
		D3B6694E2C082EC0001C7CFE /* CompanyModel.swift in Sources */ = {isa = PBXBuildFile; fileRef = D3B6694D2C082EC0001C7CFE /* CompanyModel.swift */; };
		D3BC0CFF2C075C9F008FDE8B /* UserModel.swift in Sources */ = {isa = PBXBuildFile; fileRef = D3BC0CFE2C075C9F008FDE8B /* UserModel.swift */; };
		D3D00DA02BFE577600E31DFA /* Target.swift in Sources */ = {isa = PBXBuildFile; fileRef = D3D00D9F2BFE577600E31DFA /* Target.swift */; };
		D3D00DA32BFE57B900E31DFA /* Api.swift in Sources */ = {isa = PBXBuildFile; fileRef = D3D00DA22BFE57B900E31DFA /* Api.swift */; };
		D3D00DA52BFE57F400E31DFA /* BaseApi.swift in Sources */ = {isa = PBXBuildFile; fileRef = D3D00DA42BFE57F400E31DFA /* BaseApi.swift */; };
		D3D00DA82BFE58B600E31DFA /* ErrorMessage.swift in Sources */ = {isa = PBXBuildFile; fileRef = D3D00DA72BFE58B600E31DFA /* ErrorMessage.swift */; };
		D3D00DAD2BFE5EBD00E31DFA /* AuthNetowrking.swift in Sources */ = {isa = PBXBuildFile; fileRef = D3D00DAC2BFE5EBD00E31DFA /* AuthNetowrking.swift */; };
		D3D00DB02BFE5FA200E31DFA /* AuthAPI.swift in Sources */ = {isa = PBXBuildFile; fileRef = D3D00DAF2BFE5FA200E31DFA /* AuthAPI.swift */; };
		D3D00DB22BFE5FE800E31DFA /* LoginModel.swift in Sources */ = {isa = PBXBuildFile; fileRef = D3D00DB12BFE5FE800E31DFA /* LoginModel.swift */; };
		D3D00DB42BFE624C00E31DFA /* LoginViewModel.swift in Sources */ = {isa = PBXBuildFile; fileRef = D3D00DB32BFE624C00E31DFA /* LoginViewModel.swift */; };
		D3D00DB72BFE904400E31DFA /* BaseModel.swift in Sources */ = {isa = PBXBuildFile; fileRef = D3D00DB62BFE904400E31DFA /* BaseModel.swift */; };
		D3D888382C039DDD0057C047 /* ProfileScreen.swift in Sources */ = {isa = PBXBuildFile; fileRef = D3D888372C039DDD0057C047 /* ProfileScreen.swift */; };
		D3D8883A2C039E500057C047 /* NavigationComponets.swift in Sources */ = {isa = PBXBuildFile; fileRef = D3D888392C039E500057C047 /* NavigationComponets.swift */; };
		D3D8883C2C03A4160057C047 /* WelcomeComponents.swift in Sources */ = {isa = PBXBuildFile; fileRef = D3D8883B2C03A4160057C047 /* WelcomeComponents.swift */; };
		D3D8883E2C03A4FE0057C047 /* PermissionsComponents.swift in Sources */ = {isa = PBXBuildFile; fileRef = D3D8883D2C03A4FE0057C047 /* PermissionsComponents.swift */; };
/* End PBXBuildFile section */

/* Begin PBXFileReference section */
		D3047F372C05A4E50031E3BE /* PlaceHolderComponents.swift */ = {isa = PBXFileReference; lastKnownFileType = sourcecode.swift; path = PlaceHolderComponents.swift; sourceTree = "<group>"; };
		D30710792C00BC4E00D24849 /* LoaderIndecatorComponets.swift */ = {isa = PBXFileReference; lastKnownFileType = sourcecode.swift; path = LoaderIndecatorComponets.swift; sourceTree = "<group>"; };
		D307107D2C00BE6B00D24849 /* HomeScreen.swift */ = {isa = PBXFileReference; lastKnownFileType = sourcecode.swift; path = HomeScreen.swift; sourceTree = "<group>"; };
		D32297D52BFBE20200EE19E9 /* TextFieldComponets.swift */ = {isa = PBXFileReference; lastKnownFileType = sourcecode.swift; path = TextFieldComponets.swift; sourceTree = "<group>"; };
		D32297D82BFBE77500EE19E9 /* View.swift */ = {isa = PBXFileReference; lastKnownFileType = sourcecode.swift; path = View.swift; sourceTree = "<group>"; };
		D34F46292C033CBB0053FC77 /* HomeNetworking.swift */ = {isa = PBXFileReference; lastKnownFileType = sourcecode.swift; path = HomeNetworking.swift; sourceTree = "<group>"; };
		D34F462B2C033D930053FC77 /* HomeAPI.swift */ = {isa = PBXFileReference; lastKnownFileType = sourcecode.swift; path = HomeAPI.swift; sourceTree = "<group>"; };
		D34FAA4E2BFBB698008C5827 /* EgyEaglesTracking.app */ = {isa = PBXFileReference; explicitFileType = wrapper.application; includeInIndex = 0; path = EgyEaglesTracking.app; sourceTree = BUILT_PRODUCTS_DIR; };
		D34FAA512BFBB698008C5827 /* EgyEaglesTrackingApp.swift */ = {isa = PBXFileReference; lastKnownFileType = sourcecode.swift; path = EgyEaglesTrackingApp.swift; sourceTree = "<group>"; };
		D34FAA532BFBB698008C5827 /* LoginContentView.swift */ = {isa = PBXFileReference; lastKnownFileType = sourcecode.swift; path = LoginContentView.swift; sourceTree = "<group>"; };
		D34FAA552BFBB69A008C5827 /* Assets.xcassets */ = {isa = PBXFileReference; lastKnownFileType = folder.assetcatalog; path = Assets.xcassets; sourceTree = "<group>"; };
		D34FAA582BFBB69A008C5827 /* Preview Assets.xcassets */ = {isa = PBXFileReference; lastKnownFileType = folder.assetcatalog; path = "Preview Assets.xcassets"; sourceTree = "<group>"; };
		D36210E92C08CA060076133B /* CompanyViewModel.swift */ = {isa = PBXFileReference; lastKnownFileType = sourcecode.swift; path = CompanyViewModel.swift; sourceTree = "<group>"; };
		D397E59C2C00F0D300511488 /* customAlert.swift */ = {isa = PBXFileReference; lastKnownFileType = sourcecode.swift; path = customAlert.swift; sourceTree = "<group>"; };
		D397E59E2C00FA9000511488 /* HomeViewModel.swift */ = {isa = PBXFileReference; lastKnownFileType = sourcecode.swift; path = HomeViewModel.swift; sourceTree = "<group>"; };
		D397E5A02C01066000511488 /* CarsModel.swift */ = {isa = PBXFileReference; lastKnownFileType = sourcecode.swift; path = CarsModel.swift; sourceTree = "<group>"; };
		D397E5A32C0106BC00511488 /* CarCell.swift */ = {isa = PBXFileReference; lastKnownFileType = sourcecode.swift; path = CarCell.swift; sourceTree = "<group>"; };
		D3B669482C0828A0001C7CFE /* CompanyScreen.swift */ = {isa = PBXFileReference; lastKnownFileType = sourcecode.swift; path = CompanyScreen.swift; sourceTree = "<group>"; };
		D3B6694B2C082C33001C7CFE /* CompanyCell.swift */ = {isa = PBXFileReference; lastKnownFileType = sourcecode.swift; path = CompanyCell.swift; sourceTree = "<group>"; };
		D3B6694D2C082EC0001C7CFE /* CompanyModel.swift */ = {isa = PBXFileReference; lastKnownFileType = sourcecode.swift; path = CompanyModel.swift; sourceTree = "<group>"; };
		D3BC0CFE2C075C9F008FDE8B /* UserModel.swift */ = {isa = PBXFileReference; lastKnownFileType = sourcecode.swift; path = UserModel.swift; sourceTree = "<group>"; };
		D3D00D9F2BFE577600E31DFA /* Target.swift */ = {isa = PBXFileReference; lastKnownFileType = sourcecode.swift; path = Target.swift; sourceTree = "<group>"; };
		D3D00DA22BFE57B900E31DFA /* Api.swift */ = {isa = PBXFileReference; lastKnownFileType = sourcecode.swift; path = Api.swift; sourceTree = "<group>"; };
		D3D00DA42BFE57F400E31DFA /* BaseApi.swift */ = {isa = PBXFileReference; lastKnownFileType = sourcecode.swift; path = BaseApi.swift; sourceTree = "<group>"; };
		D3D00DA72BFE58B600E31DFA /* ErrorMessage.swift */ = {isa = PBXFileReference; lastKnownFileType = sourcecode.swift; path = ErrorMessage.swift; sourceTree = "<group>"; };
		D3D00DAC2BFE5EBD00E31DFA /* AuthNetowrking.swift */ = {isa = PBXFileReference; lastKnownFileType = sourcecode.swift; path = AuthNetowrking.swift; sourceTree = "<group>"; };
		D3D00DAF2BFE5FA200E31DFA /* AuthAPI.swift */ = {isa = PBXFileReference; lastKnownFileType = sourcecode.swift; path = AuthAPI.swift; sourceTree = "<group>"; };
		D3D00DB12BFE5FE800E31DFA /* LoginModel.swift */ = {isa = PBXFileReference; lastKnownFileType = sourcecode.swift; path = LoginModel.swift; sourceTree = "<group>"; };
		D3D00DB32BFE624C00E31DFA /* LoginViewModel.swift */ = {isa = PBXFileReference; lastKnownFileType = sourcecode.swift; path = LoginViewModel.swift; sourceTree = "<group>"; };
		D3D00DB62BFE904400E31DFA /* BaseModel.swift */ = {isa = PBXFileReference; lastKnownFileType = sourcecode.swift; path = BaseModel.swift; sourceTree = "<group>"; };
		D3D888372C039DDD0057C047 /* ProfileScreen.swift */ = {isa = PBXFileReference; lastKnownFileType = sourcecode.swift; path = ProfileScreen.swift; sourceTree = "<group>"; };
		D3D888392C039E500057C047 /* NavigationComponets.swift */ = {isa = PBXFileReference; lastKnownFileType = sourcecode.swift; path = NavigationComponets.swift; sourceTree = "<group>"; };
		D3D8883B2C03A4160057C047 /* WelcomeComponents.swift */ = {isa = PBXFileReference; lastKnownFileType = sourcecode.swift; path = WelcomeComponents.swift; sourceTree = "<group>"; };
		D3D8883D2C03A4FE0057C047 /* PermissionsComponents.swift */ = {isa = PBXFileReference; lastKnownFileType = sourcecode.swift; path = PermissionsComponents.swift; sourceTree = "<group>"; };
/* End PBXFileReference section */

/* Begin PBXFrameworksBuildPhase section */
		D34FAA4B2BFBB698008C5827 /* Frameworks */ = {
			isa = PBXFrameworksBuildPhase;
			buildActionMask = 2147483647;
			files = (
				D30710762C00B60700D24849 /* SwiftfulLoadingIndicators in Frameworks */,
			);
			runOnlyForDeploymentPostprocessing = 0;
		};
/* End PBXFrameworksBuildPhase section */

/* Begin PBXGroup section */
		D307107B2C00BE5700D24849 /* Login screen */ = {
			isa = PBXGroup;
			children = (
				D3D00DB12BFE5FE800E31DFA /* LoginModel.swift */,
				D3D00DB32BFE624C00E31DFA /* LoginViewModel.swift */,
				D34FAA532BFBB698008C5827 /* LoginContentView.swift */,
			);
			path = "Login screen";
			sourceTree = "<group>";
		};
		D307107C2C00BE5F00D24849 /* Home Screen */ = {
			isa = PBXGroup;
			children = (
				D397E5A22C0106AD00511488 /* cell */,
				D397E5A02C01066000511488 /* CarsModel.swift */,
				D397E59E2C00FA9000511488 /* HomeViewModel.swift */,
				D3BC0CFE2C075C9F008FDE8B /* UserModel.swift */,
				D307107D2C00BE6B00D24849 /* HomeScreen.swift */,
			);
			path = "Home Screen";
			sourceTree = "<group>";
		};
		D32297D42BFBE1EE00EE19E9 /* componets */ = {
			isa = PBXGroup;
			children = (
				D32297D52BFBE20200EE19E9 /* TextFieldComponets.swift */,
				D30710792C00BC4E00D24849 /* LoaderIndecatorComponets.swift */,
				D397E59C2C00F0D300511488 /* customAlert.swift */,
				D3D888392C039E500057C047 /* NavigationComponets.swift */,
				D3D8883B2C03A4160057C047 /* WelcomeComponents.swift */,
				D3D8883D2C03A4FE0057C047 /* PermissionsComponents.swift */,
				D3047F372C05A4E50031E3BE /* PlaceHolderComponents.swift */,
			);
			path = componets;
			sourceTree = "<group>";
		};
		D32297D72BFBE76000EE19E9 /* utilits */ = {
			isa = PBXGroup;
			children = (
				D32297D82BFBE77500EE19E9 /* View.swift */,
			);
			path = utilits;
			sourceTree = "<group>";
		};
		D34F46282C033CAB0053FC77 /* Home Module */ = {
			isa = PBXGroup;
			children = (
				D34F46292C033CBB0053FC77 /* HomeNetworking.swift */,
				D34F462B2C033D930053FC77 /* HomeAPI.swift */,
			);
			path = "Home Module";
			sourceTree = "<group>";
		};
		D34FAA452BFBB698008C5827 = {
			isa = PBXGroup;
			children = (
				D34FAA502BFBB698008C5827 /* EgyEaglesTracking */,
				D34FAA4F2BFBB698008C5827 /* Products */,
			);
			sourceTree = "<group>";
		};
		D34FAA4F2BFBB698008C5827 /* Products */ = {
			isa = PBXGroup;
			children = (
				D34FAA4E2BFBB698008C5827 /* EgyEaglesTracking.app */,
			);
			name = Products;
			sourceTree = "<group>";
		};
		D34FAA502BFBB698008C5827 /* EgyEaglesTracking */ = {
			isa = PBXGroup;
			children = (
				D34FAA5F2BFBB6A6008C5827 /* AppStarter */,
				D3D00D9D2BFE560900E31DFA /* Network layer */,
				D34FAA602BFBB6AE008C5827 /* Screens */,
				D32297D42BFBE1EE00EE19E9 /* componets */,
				D32297D72BFBE76000EE19E9 /* utilits */,
				D34FAA612BFBB6B5008C5827 /* Assets */,
			);
			path = EgyEaglesTracking;
			sourceTree = "<group>";
		};
		D34FAA572BFBB69A008C5827 /* Preview Content */ = {
			isa = PBXGroup;
			children = (
				D34FAA582BFBB69A008C5827 /* Preview Assets.xcassets */,
			);
			path = "Preview Content";
			sourceTree = "<group>";
		};
		D34FAA5F2BFBB6A6008C5827 /* AppStarter */ = {
			isa = PBXGroup;
			children = (
				D34FAA512BFBB698008C5827 /* EgyEaglesTrackingApp.swift */,
			);
			path = AppStarter;
			sourceTree = "<group>";
		};
		D34FAA602BFBB6AE008C5827 /* Screens */ = {
			isa = PBXGroup;
			children = (
				D307107B2C00BE5700D24849 /* Login screen */,
				D307107C2C00BE5F00D24849 /* Home Screen */,
				D3D888362C039DB10057C047 /* Profile Screen */,
				D3B669472C082886001C7CFE /* company screen */,
			);
			path = Screens;
			sourceTree = "<group>";
		};
		D34FAA612BFBB6B5008C5827 /* Assets */ = {
			isa = PBXGroup;
			children = (
				D34FAA552BFBB69A008C5827 /* Assets.xcassets */,
				D34FAA572BFBB69A008C5827 /* Preview Content */,
			);
			path = Assets;
			sourceTree = "<group>";
		};
		D397E5A22C0106AD00511488 /* cell */ = {
			isa = PBXGroup;
			children = (
				D397E5A32C0106BC00511488 /* CarCell.swift */,
			);
			path = cell;
			sourceTree = "<group>";
		};
		D3B669472C082886001C7CFE /* company screen */ = {
			isa = PBXGroup;
			children = (
				D3B6694D2C082EC0001C7CFE /* CompanyModel.swift */,
				D36210E92C08CA060076133B /* CompanyViewModel.swift */,
				D3B669482C0828A0001C7CFE /* CompanyScreen.swift */,
				D3B6694A2C082C2B001C7CFE /* cell */,
			);
			path = "company screen";
			sourceTree = "<group>";
		};
		D3B6694A2C082C2B001C7CFE /* cell */ = {
			isa = PBXGroup;
			children = (
				D3B6694B2C082C33001C7CFE /* CompanyCell.swift */,
			);
			path = cell;
			sourceTree = "<group>";
		};
		D3D00D9D2BFE560900E31DFA /* Network layer */ = {
			isa = PBXGroup;
			children = (
				D3D00DA12BFE57B000E31DFA /* Constans */,
				D3D00D9E2BFE576B00E31DFA /* Base */,
				D3D00DA62BFE58AE00E31DFA /* Error */,
				D3D00DA92BFE5E9500E31DFA /* Endpoints */,
				D3D00DB52BFE903200E31DFA /* model */,
			);
			path = "Network layer";
			sourceTree = "<group>";
		};
		D3D00D9E2BFE576B00E31DFA /* Base */ = {
			isa = PBXGroup;
			children = (
				D3D00D9F2BFE577600E31DFA /* Target.swift */,
				D3D00DA42BFE57F400E31DFA /* BaseApi.swift */,
			);
			path = Base;
			sourceTree = "<group>";
		};
		D3D00DA12BFE57B000E31DFA /* Constans */ = {
			isa = PBXGroup;
			children = (
				D3D00DA22BFE57B900E31DFA /* Api.swift */,
			);
			path = Constans;
			sourceTree = "<group>";
		};
		D3D00DA62BFE58AE00E31DFA /* Error */ = {
			isa = PBXGroup;
			children = (
				D3D00DA72BFE58B600E31DFA /* ErrorMessage.swift */,
			);
			path = Error;
			sourceTree = "<group>";
		};
		D3D00DA92BFE5E9500E31DFA /* Endpoints */ = {
			isa = PBXGroup;
			children = (
				D3D00DAA2BFE5EA700E31DFA /* Auth Module */,
				D34F46282C033CAB0053FC77 /* Home Module */,
			);
			path = Endpoints;
			sourceTree = "<group>";
		};
		D3D00DAA2BFE5EA700E31DFA /* Auth Module */ = {
			isa = PBXGroup;
			children = (
				D3D00DAC2BFE5EBD00E31DFA /* AuthNetowrking.swift */,
				D3D00DAF2BFE5FA200E31DFA /* AuthAPI.swift */,
			);
			path = "Auth Module";
			sourceTree = "<group>";
		};
		D3D00DB52BFE903200E31DFA /* model */ = {
			isa = PBXGroup;
			children = (
				D3D00DB62BFE904400E31DFA /* BaseModel.swift */,
			);
			path = model;
			sourceTree = "<group>";
		};
		D3D888362C039DB10057C047 /* Profile Screen */ = {
			isa = PBXGroup;
			children = (
				D3D888372C039DDD0057C047 /* ProfileScreen.swift */,
			);
			path = "Profile Screen";
			sourceTree = "<group>";
		};
/* End PBXGroup section */

/* Begin PBXNativeTarget section */
		D34FAA4D2BFBB698008C5827 /* EgyEaglesTracking */ = {
			isa = PBXNativeTarget;
			buildConfigurationList = D34FAA5C2BFBB69A008C5827 /* Build configuration list for PBXNativeTarget "EgyEaglesTracking" */;
			buildPhases = (
				D34FAA4A2BFBB698008C5827 /* Sources */,
				D34FAA4B2BFBB698008C5827 /* Frameworks */,
				D34FAA4C2BFBB698008C5827 /* Resources */,
			);
			buildRules = (
			);
			dependencies = (
			);
			name = EgyEaglesTracking;
			packageProductDependencies = (
				D30710752C00B60700D24849 /* SwiftfulLoadingIndicators */,
			);
			productName = EgyEaglesTracking;
			productReference = D34FAA4E2BFBB698008C5827 /* EgyEaglesTracking.app */;
			productType = "com.apple.product-type.application";
		};
/* End PBXNativeTarget section */

/* Begin PBXProject section */
		D34FAA462BFBB698008C5827 /* Project object */ = {
			isa = PBXProject;
			attributes = {
				BuildIndependentTargetsInParallel = 1;
				LastSwiftUpdateCheck = 1420;
				LastUpgradeCheck = 1420;
				TargetAttributes = {
					D34FAA4D2BFBB698008C5827 = {
						CreatedOnToolsVersion = 14.2;
					};
				};
			};
			buildConfigurationList = D34FAA492BFBB698008C5827 /* Build configuration list for PBXProject "EgyEaglesTracking" */;
			compatibilityVersion = "Xcode 14.0";
			developmentRegion = en;
			hasScannedForEncodings = 0;
			knownRegions = (
				en,
				Base,
			);
			mainGroup = D34FAA452BFBB698008C5827;
			packageReferences = (
				D30710742C00B60700D24849 /* XCRemoteSwiftPackageReference "SwiftfulLoadingIndicators" */,
			);
			productRefGroup = D34FAA4F2BFBB698008C5827 /* Products */;
			projectDirPath = "";
			projectRoot = "";
			targets = (
				D34FAA4D2BFBB698008C5827 /* EgyEaglesTracking */,
			);
		};
/* End PBXProject section */

/* Begin PBXResourcesBuildPhase section */
		D34FAA4C2BFBB698008C5827 /* Resources */ = {
			isa = PBXResourcesBuildPhase;
			buildActionMask = 2147483647;
			files = (
				D34FAA592BFBB69A008C5827 /* Preview Assets.xcassets in Resources */,
				D34FAA562BFBB69A008C5827 /* Assets.xcassets in Resources */,
			);
			runOnlyForDeploymentPostprocessing = 0;
		};
/* End PBXResourcesBuildPhase section */

/* Begin PBXSourcesBuildPhase section */
		D34FAA4A2BFBB698008C5827 /* Sources */ = {
			isa = PBXSourcesBuildPhase;
			buildActionMask = 2147483647;
			files = (
				D3B6694C2C082C33001C7CFE /* CompanyCell.swift in Sources */,
				D34F462A2C033CBB0053FC77 /* HomeNetworking.swift in Sources */,
				D397E59F2C00FA9000511488 /* HomeViewModel.swift in Sources */,
				D3D00DA52BFE57F400E31DFA /* BaseApi.swift in Sources */,
				D3D00DA32BFE57B900E31DFA /* Api.swift in Sources */,
				D3D8883C2C03A4160057C047 /* WelcomeComponents.swift in Sources */,
				D36210EA2C08CA060076133B /* CompanyViewModel.swift in Sources */,
				D3D00DAD2BFE5EBD00E31DFA /* AuthNetowrking.swift in Sources */,
				D307107A2C00BC4E00D24849 /* LoaderIndecatorComponets.swift in Sources */,
				D3D00DB72BFE904400E31DFA /* BaseModel.swift in Sources */,
				D34F462C2C033D930053FC77 /* HomeAPI.swift in Sources */,
				D3D00DB22BFE5FE800E31DFA /* LoginModel.swift in Sources */,
				D397E5A42C0106BC00511488 /* CarCell.swift in Sources */,
				D32297D62BFBE20200EE19E9 /* TextFieldComponets.swift in Sources */,
				D32297D92BFBE77500EE19E9 /* View.swift in Sources */,
				D3D00DA82BFE58B600E31DFA /* ErrorMessage.swift in Sources */,
				D3D8883A2C039E500057C047 /* NavigationComponets.swift in Sources */,
				D3D00DB02BFE5FA200E31DFA /* AuthAPI.swift in Sources */,
				D3BC0CFF2C075C9F008FDE8B /* UserModel.swift in Sources */,
				D3B669492C0828A0001C7CFE /* CompanyScreen.swift in Sources */,
				D3D00DB42BFE624C00E31DFA /* LoginViewModel.swift in Sources */,
				D3D888382C039DDD0057C047 /* ProfileScreen.swift in Sources */,
				D397E5A12C01066000511488 /* CarsModel.swift in Sources */,
				D3047F382C05A4E50031E3BE /* PlaceHolderComponents.swift in Sources */,
				D307107E2C00BE6B00D24849 /* HomeScreen.swift in Sources */,
				D34FAA542BFBB698008C5827 /* LoginContentView.swift in Sources */,
				D34FAA522BFBB698008C5827 /* EgyEaglesTrackingApp.swift in Sources */,
				D3D00DA02BFE577600E31DFA /* Target.swift in Sources */,
				D3D8883E2C03A4FE0057C047 /* PermissionsComponents.swift in Sources */,
				D397E59D2C00F0D300511488 /* customAlert.swift in Sources */,
				D3B6694E2C082EC0001C7CFE /* CompanyModel.swift in Sources */,
			);
			runOnlyForDeploymentPostprocessing = 0;
		};
/* End PBXSourcesBuildPhase section */

/* Begin XCBuildConfiguration section */
		D34FAA5A2BFBB69A008C5827 /* Debug */ = {
			isa = XCBuildConfiguration;
			buildSettings = {
				ALWAYS_SEARCH_USER_PATHS = NO;
				CLANG_ANALYZER_NONNULL = YES;
				CLANG_ANALYZER_NUMBER_OBJECT_CONVERSION = YES_AGGRESSIVE;
				CLANG_CXX_LANGUAGE_STANDARD = "gnu++20";
				CLANG_ENABLE_MODULES = YES;
				CLANG_ENABLE_OBJC_ARC = YES;
				CLANG_ENABLE_OBJC_WEAK = YES;
				CLANG_WARN_BLOCK_CAPTURE_AUTORELEASING = YES;
				CLANG_WARN_BOOL_CONVERSION = YES;
				CLANG_WARN_COMMA = YES;
				CLANG_WARN_CONSTANT_CONVERSION = YES;
				CLANG_WARN_DEPRECATED_OBJC_IMPLEMENTATIONS = YES;
				CLANG_WARN_DIRECT_OBJC_ISA_USAGE = YES_ERROR;
				CLANG_WARN_DOCUMENTATION_COMMENTS = YES;
				CLANG_WARN_EMPTY_BODY = YES;
				CLANG_WARN_ENUM_CONVERSION = YES;
				CLANG_WARN_INFINITE_RECURSION = YES;
				CLANG_WARN_INT_CONVERSION = YES;
				CLANG_WARN_NON_LITERAL_NULL_CONVERSION = YES;
				CLANG_WARN_OBJC_IMPLICIT_RETAIN_SELF = YES;
				CLANG_WARN_OBJC_LITERAL_CONVERSION = YES;
				CLANG_WARN_OBJC_ROOT_CLASS = YES_ERROR;
				CLANG_WARN_QUOTED_INCLUDE_IN_FRAMEWORK_HEADER = YES;
				CLANG_WARN_RANGE_LOOP_ANALYSIS = YES;
				CLANG_WARN_STRICT_PROTOTYPES = YES;
				CLANG_WARN_SUSPICIOUS_MOVE = YES;
				CLANG_WARN_UNGUARDED_AVAILABILITY = YES_AGGRESSIVE;
				CLANG_WARN_UNREACHABLE_CODE = YES;
				CLANG_WARN__DUPLICATE_METHOD_MATCH = YES;
				COPY_PHASE_STRIP = NO;
				DEBUG_INFORMATION_FORMAT = dwarf;
				ENABLE_STRICT_OBJC_MSGSEND = YES;
				ENABLE_TESTABILITY = YES;
				GCC_C_LANGUAGE_STANDARD = gnu11;
				GCC_DYNAMIC_NO_PIC = NO;
				GCC_NO_COMMON_BLOCKS = YES;
				GCC_OPTIMIZATION_LEVEL = 0;
				GCC_PREPROCESSOR_DEFINITIONS = (
					"DEBUG=1",
					"$(inherited)",
				);
				GCC_WARN_64_TO_32_BIT_CONVERSION = YES;
				GCC_WARN_ABOUT_RETURN_TYPE = YES_ERROR;
				GCC_WARN_UNDECLARED_SELECTOR = YES;
				GCC_WARN_UNINITIALIZED_AUTOS = YES_AGGRESSIVE;
				GCC_WARN_UNUSED_FUNCTION = YES;
				GCC_WARN_UNUSED_VARIABLE = YES;
				IPHONEOS_DEPLOYMENT_TARGET = 16.2;
				MTL_ENABLE_DEBUG_INFO = INCLUDE_SOURCE;
				MTL_FAST_MATH = YES;
				ONLY_ACTIVE_ARCH = YES;
				SDKROOT = iphoneos;
				SWIFT_ACTIVE_COMPILATION_CONDITIONS = DEBUG;
				SWIFT_OPTIMIZATION_LEVEL = "-Onone";
			};
			name = Debug;
		};
		D34FAA5B2BFBB69A008C5827 /* Release */ = {
			isa = XCBuildConfiguration;
			buildSettings = {
				ALWAYS_SEARCH_USER_PATHS = NO;
				CLANG_ANALYZER_NONNULL = YES;
				CLANG_ANALYZER_NUMBER_OBJECT_CONVERSION = YES_AGGRESSIVE;
				CLANG_CXX_LANGUAGE_STANDARD = "gnu++20";
				CLANG_ENABLE_MODULES = YES;
				CLANG_ENABLE_OBJC_ARC = YES;
				CLANG_ENABLE_OBJC_WEAK = YES;
				CLANG_WARN_BLOCK_CAPTURE_AUTORELEASING = YES;
				CLANG_WARN_BOOL_CONVERSION = YES;
				CLANG_WARN_COMMA = YES;
				CLANG_WARN_CONSTANT_CONVERSION = YES;
				CLANG_WARN_DEPRECATED_OBJC_IMPLEMENTATIONS = YES;
				CLANG_WARN_DIRECT_OBJC_ISA_USAGE = YES_ERROR;
				CLANG_WARN_DOCUMENTATION_COMMENTS = YES;
				CLANG_WARN_EMPTY_BODY = YES;
				CLANG_WARN_ENUM_CONVERSION = YES;
				CLANG_WARN_INFINITE_RECURSION = YES;
				CLANG_WARN_INT_CONVERSION = YES;
				CLANG_WARN_NON_LITERAL_NULL_CONVERSION = YES;
				CLANG_WARN_OBJC_IMPLICIT_RETAIN_SELF = YES;
				CLANG_WARN_OBJC_LITERAL_CONVERSION = YES;
				CLANG_WARN_OBJC_ROOT_CLASS = YES_ERROR;
				CLANG_WARN_QUOTED_INCLUDE_IN_FRAMEWORK_HEADER = YES;
				CLANG_WARN_RANGE_LOOP_ANALYSIS = YES;
				CLANG_WARN_STRICT_PROTOTYPES = YES;
				CLANG_WARN_SUSPICIOUS_MOVE = YES;
				CLANG_WARN_UNGUARDED_AVAILABILITY = YES_AGGRESSIVE;
				CLANG_WARN_UNREACHABLE_CODE = YES;
				CLANG_WARN__DUPLICATE_METHOD_MATCH = YES;
				COPY_PHASE_STRIP = NO;
				DEBUG_INFORMATION_FORMAT = "dwarf-with-dsym";
				ENABLE_NS_ASSERTIONS = NO;
				ENABLE_STRICT_OBJC_MSGSEND = YES;
				GCC_C_LANGUAGE_STANDARD = gnu11;
				GCC_NO_COMMON_BLOCKS = YES;
				GCC_WARN_64_TO_32_BIT_CONVERSION = YES;
				GCC_WARN_ABOUT_RETURN_TYPE = YES_ERROR;
				GCC_WARN_UNDECLARED_SELECTOR = YES;
				GCC_WARN_UNINITIALIZED_AUTOS = YES_AGGRESSIVE;
				GCC_WARN_UNUSED_FUNCTION = YES;
				GCC_WARN_UNUSED_VARIABLE = YES;
				IPHONEOS_DEPLOYMENT_TARGET = 16.2;
				MTL_ENABLE_DEBUG_INFO = NO;
				MTL_FAST_MATH = YES;
				SDKROOT = iphoneos;
				SWIFT_COMPILATION_MODE = wholemodule;
				SWIFT_OPTIMIZATION_LEVEL = "-O";
				VALIDATE_PRODUCT = YES;
			};
			name = Release;
		};
		D34FAA5D2BFBB69A008C5827 /* Debug */ = {
			isa = XCBuildConfiguration;
			buildSettings = {
				ASSETCATALOG_COMPILER_APPICON_NAME = AppIcon;
				ASSETCATALOG_COMPILER_GLOBAL_ACCENT_COLOR_NAME = AccentColor;
				CODE_SIGN_STYLE = Automatic;
				CURRENT_PROJECT_VERSION = 1;
				DEVELOPMENT_ASSET_PATHS = "\"EgyEaglesTracking/Assets/Preview Content\"";
				DEVELOPMENT_TEAM = 9DRYUUNTK3;
				ENABLE_PREVIEWS = YES;
				GENERATE_INFOPLIST_FILE = YES;
				INFOPLIST_KEY_UIApplicationSceneManifest_Generation = YES;
				INFOPLIST_KEY_UIApplicationSupportsIndirectInputEvents = YES;
				INFOPLIST_KEY_UILaunchScreen_Generation = YES;
				INFOPLIST_KEY_UISupportedInterfaceOrientations_iPad = "UIInterfaceOrientationPortrait UIInterfaceOrientationPortraitUpsideDown UIInterfaceOrientationLandscapeLeft UIInterfaceOrientationLandscapeRight";
				INFOPLIST_KEY_UISupportedInterfaceOrientations_iPhone = "UIInterfaceOrientationPortrait UIInterfaceOrientationLandscapeLeft UIInterfaceOrientationLandscapeRight";
				IPHONEOS_DEPLOYMENT_TARGET = 15.0;
				LD_RUNPATH_SEARCH_PATHS = (
					"$(inherited)",
					"@executable_path/Frameworks",
				);
				MARKETING_VERSION = 1.0;
				PRODUCT_BUNDLE_IDENTIFIER = com.myorginization199.EgyEaglesTracking;
				PRODUCT_NAME = "$(TARGET_NAME)";
				SWIFT_EMIT_LOC_STRINGS = YES;
				SWIFT_VERSION = 5.0;
				TARGETED_DEVICE_FAMILY = "1,2";
			};
			name = Debug;
		};
		D34FAA5E2BFBB69A008C5827 /* Release */ = {
			isa = XCBuildConfiguration;
			buildSettings = {
				ASSETCATALOG_COMPILER_APPICON_NAME = AppIcon;
				ASSETCATALOG_COMPILER_GLOBAL_ACCENT_COLOR_NAME = AccentColor;
				CODE_SIGN_STYLE = Automatic;
				CURRENT_PROJECT_VERSION = 1;
				DEVELOPMENT_ASSET_PATHS = "\"EgyEaglesTracking/Assets/Preview Content\"";
				DEVELOPMENT_TEAM = 9DRYUUNTK3;
				ENABLE_PREVIEWS = YES;
				GENERATE_INFOPLIST_FILE = YES;
				INFOPLIST_KEY_UIApplicationSceneManifest_Generation = YES;
				INFOPLIST_KEY_UIApplicationSupportsIndirectInputEvents = YES;
				INFOPLIST_KEY_UILaunchScreen_Generation = YES;
				INFOPLIST_KEY_UISupportedInterfaceOrientations_iPad = "UIInterfaceOrientationPortrait UIInterfaceOrientationPortraitUpsideDown UIInterfaceOrientationLandscapeLeft UIInterfaceOrientationLandscapeRight";
				INFOPLIST_KEY_UISupportedInterfaceOrientations_iPhone = "UIInterfaceOrientationPortrait UIInterfaceOrientationLandscapeLeft UIInterfaceOrientationLandscapeRight";
				IPHONEOS_DEPLOYMENT_TARGET = 15.0;
				LD_RUNPATH_SEARCH_PATHS = (
					"$(inherited)",
					"@executable_path/Frameworks",
				);
				MARKETING_VERSION = 1.0;
				PRODUCT_BUNDLE_IDENTIFIER = com.myorginization199.EgyEaglesTracking;
				PRODUCT_NAME = "$(TARGET_NAME)";
				SWIFT_EMIT_LOC_STRINGS = YES;
				SWIFT_VERSION = 5.0;
				TARGETED_DEVICE_FAMILY = "1,2";
			};
			name = Release;
		};
/* End XCBuildConfiguration section */

/* Begin XCConfigurationList section */
		D34FAA492BFBB698008C5827 /* Build configuration list for PBXProject "EgyEaglesTracking" */ = {
			isa = XCConfigurationList;
			buildConfigurations = (
				D34FAA5A2BFBB69A008C5827 /* Debug */,
				D34FAA5B2BFBB69A008C5827 /* Release */,
			);
			defaultConfigurationIsVisible = 0;
			defaultConfigurationName = Release;
		};
		D34FAA5C2BFBB69A008C5827 /* Build configuration list for PBXNativeTarget "EgyEaglesTracking" */ = {
			isa = XCConfigurationList;
			buildConfigurations = (
				D34FAA5D2BFBB69A008C5827 /* Debug */,
				D34FAA5E2BFBB69A008C5827 /* Release */,
			);
			defaultConfigurationIsVisible = 0;
			defaultConfigurationName = Release;
		};
/* End XCConfigurationList section */

/* Begin XCRemoteSwiftPackageReference section */
		D30710742C00B60700D24849 /* XCRemoteSwiftPackageReference "SwiftfulLoadingIndicators" */ = {
			isa = XCRemoteSwiftPackageReference;
			repositoryURL = "https://github.com/SwiftfulThinking/SwiftfulLoadingIndicators.git";
			requirement = {
				kind = upToNextMajorVersion;
				minimumVersion = 0.0.4;
			};
		};
/* End XCRemoteSwiftPackageReference section */

/* Begin XCSwiftPackageProductDependency section */
		D30710752C00B60700D24849 /* SwiftfulLoadingIndicators */ = {
			isa = XCSwiftPackageProductDependency;
			package = D30710742C00B60700D24849 /* XCRemoteSwiftPackageReference "SwiftfulLoadingIndicators" */;
			productName = SwiftfulLoadingIndicators;
		};
/* End XCSwiftPackageProductDependency section */
	};
	rootObject = D34FAA462BFBB698008C5827 /* Project object */;
}
